{
  "version": 4,
  "terraform_version": "1.12.1",
  "serial": 3,
  "lineage": "2b98c314-0927-1e36-659e-35cec71f37ae",
  "outputs": {
    "registry_url": {
      "value": "registry.digitalocean.com/flask-app-algotest-ij",
      "type": "string"
    }
  },
  "resources": [
    {
      "module": "module.registry",
      "mode": "managed",
      "type": "digitalocean_container_registry",
      "name": "this",
      "provider": "provider[\"registry.terraform.io/digitalocean/digitalocean\"]",
      "instances": [
        {
          "schema_version": 0,
          "attributes": {
            "created_at": "2025-05-22 18:34:13 +0000 UTC",
            "endpoint": "registry.digitalocean.com/flask-app-algotest-ij",
            "id": "flask-app-algotest-ij",
            "name": "flask-app-algotest-ij",
            "region": "blr1",
            "server_url": "registry.digitalocean.com",
            "storage_usage_bytes": 0,
            "subscription_tier_slug": "starter"
          },
          "sensitive_attributes": [],
          "identity_schema_version": 0,
          "private": "bnVsbA=="
        }
      ]
    }
  ],
  "check_results": null
}
